{
  "name": "pascal-node",
  "version": "1.0.0",
  "lockfileVersion": 1,
  "requires": true,
  "dependencies": {
    "@sellside/emitter": {
      "version": "1.2.1",
      "resolved": "https://registry.npmjs.org/@sellside/emitter/-/emitter-1.2.1.tgz",
      "integrity": "sha512-P1rUad4vDnp4d5HB7NEJ/MDf4zg3pM2Q8ZXJ2xgGkGo5yckyDn56YPAvUGH+1VsOud5dbli8MZu14j/EcNZCGw=="
    },
    "arr-union": {
      "version": "3.1.0",
      "resolved": "https://registry.npmjs.org/arr-union/-/arr-union-3.1.0.tgz",
      "integrity": "sha1-45sJrqne+Gao8gbiiK9jkZuuOcQ="
    },
    "kind-of": {
      "version": "6.0.2",
      "resolved": "https://registry.npmjs.org/kind-of/-/kind-of-6.0.2.tgz",
      "integrity": "sha512-s5kLOcnH0XqDO+FvuaLX8DDjZ18CGFk7VygH40QoKPUQhW4e2rvM0rwUq0t8IQDOwYSeLK01U90OjzBTme2QqA=="
    },
    "snapdragon-handlers": {
      "version": "1.0.0",
      "resolved": "https://registry.npmjs.org/snapdragon-handlers/-/snapdragon-handlers-1.0.0.tgz",
      "integrity": "sha512-VvtKuK2/vhDVTNFeIDX36SSsnM0z9PEIKYWeUnOb+gFP1d5kqTdgs0dpwMKBVZlKjbGGJ2aWZUr+Yl6qX7MAww==",
      "requires": {
        "@sellside/emitter": "1.2.1",
        "use": "3.1.0"
      }
    },
    "snapdragon-lexer": {
      "version": "3.1.0",
      "resolved": "https://registry.npmjs.org/snapdragon-lexer/-/snapdragon-lexer-3.1.0.tgz",
      "integrity": "sha512-30tJ/TgIbouk/Q3BE+SrvwH8QqgrTC5tBy/UH/rfB9U8Wrrwuaq2+h0kaZaljvFTgLqm+qKImuh8UUmBTKFpCw==",
      "requires": {
        "kind-of": "6.0.2",
        "snapdragon-handlers": "1.0.0",
        "snapdragon-stack": "2.1.0",
        "snapdragon-token": "3.0.1"
      }
    },
    "snapdragon-stack": {
      "version": "2.1.0",
      "resolved": "https://registry.npmjs.org/snapdragon-stack/-/snapdragon-stack-2.1.0.tgz",
      "integrity": "sha512-/PhBMbO5DvA/3CKV1EHuI7hD2LRPhq2UxhhwRhZm6AxZZuvwErR3G9KDaI07MMpYfzslr75sgkNTuZqJVlZSaQ=="
    },
    "snapdragon-token": {
      "version": "3.0.1",
      "resolved": "https://registry.npmjs.org/snapdragon-token/-/snapdragon-token-3.0.1.tgz",
      "integrity": "sha512-c75KtniEOsODvOwzXEl1mrJtCZUABJAoja75ZaCMlkx+fvwyBZiOvShEjm/uESEWxgpnpd5Awa1tN8PCb/nLFg==",
      "requires": {
        "kind-of": "6.0.2"
      }
    },
    "split-string": {
      "version": "5.0.4",
      "resolved": "https://registry.npmjs.org/split-string/-/split-string-5.0.4.tgz",
      "integrity": "sha512-EaNnJxhMdwO6cGXgax2TnEjkkcDatQ173A5745soFMRW8qTUxTTjxnWSV6UQjefIJlABgcRnnURos0CJdxmaCQ==",
      "requires": {
        "arr-union": "3.1.0",
        "snapdragon-lexer": "3.1.0"
      }
    },
    "use": {
      "version": "3.1.0",
      "resolved": "https://registry.npmjs.org/use/-/use-3.1.0.tgz",
      "integrity": "sha512-6UJEQM/L+mzC3ZJNM56Q4DFGLX/evKGRg15UJHGB9X5j5Z3AFbgZvjUh2yq/UJUY4U5dh7Fal++XbNg1uzpRAw==",
      "requires": {
        "kind-of": "6.0.2"
      }
    }
  }
}
